{
  "originHash" : "809522fe35975acda7b9a25ee5ba0838b6aff6811af372cad6280ab9c61c9d2f",
  "pins" : [
    {
      "identity" : "paginatedrestclient",
      "kind" : "remoteSourceControl",
      "location" : "https://github.com/adamtheturtle/PaginatedRESTClient.git",
      "state" : {
        "revision" : "da0471144598e5a3a13c56bb8651318b569c8488",
        "version" : "0.5.0"
      }
    },
    {
      "identity" : "safeurlkit",
      "kind" : "remoteSourceControl",
      "location" : "https://github.com/adamtheturtle/SafeURLKit.git",
      "state" : {
        "revision" : "e9c4eddcfd3e16669a19f46142f487d9b74fbc14",
        "version" : "0.2.0"
      }
    }
  ],
  "version" : 3
}
