{
  "originHash" : "5bb4d2fa3c93b5ce22899d03fc2f799c9e3a7f61119b3df57c7bdd6651e82e3b",
  "pins" : [
    {
      "identity" : "paginatedrestclient",
      "kind" : "remoteSourceControl",
      "location" : "https://github.com/adamtheturtle/PaginatedRESTClient.git",
      "state" : {
        "revision" : "5a98c0b23073c81ccf3b28e4b8d0d7f33d302519",
        "version" : "0.2.0"
      }
    }
  ],
  "version" : 3
}
