{
  "originHash" : "33df5be9da55f5f7e3271269fca0c97ce25b7da060658da01bc9a80b29d27e93",
  "pins" : [
    {
      "identity" : "paginatedrestclient",
      "kind" : "remoteSourceControl",
      "location" : "https://github.com/adamtheturtle/PaginatedRESTClient.git",
      "state" : {
        "revision" : "ea75662d54ff3a36de0bbde4b161f77b31fb2db0",
        "version" : "0.3.0"
      }
    },
    {
      "identity" : "safeurlkit",
      "kind" : "remoteSourceControl",
      "location" : "https://github.com/adamtheturtle/SafeURLKit.git",
      "state" : {
        "revision" : "f71fa0333026fcd3ee357f86154997eea3b31a50",
        "version" : "0.1.1"
      }
    }
  ],
  "version" : 3
}
